
Microsoft Visual Studio Solution File, Format Version 12.00
# Visual Studio Version 16
VisualStudioVersion = 16.0.29230.47
MinimumVisualStudioVersion = 10.0.40219.1
Project("{9A19103F-16F7-4668-BE54-9A1E7A4F7556}") = "mcswlib", "mcswlib\mcswlib.csproj", "{F6092B9B-5B72-43F9-A381-4B9A4D1AF6C5}"
EndProject
Project("{FAE04EC0-301F-11D3-BF4B-00C04F79EFBC}") = "example", "example\example.csproj", "{E6C79384-6551-4DED-A116-E58EE9F64477}"
EndProject
Global
	GlobalSection(SolutionConfigurationPlatforms) = preSolution
		Debug|Any CPU = Debug|Any CPU
		Release|Any CPU = Release|Any CPU
	EndGlobalSection
	GlobalSection(ProjectConfigurationPlatforms) = postSolution
		{F6092B9B-5B72-43F9-A381-4B9A4D1AF6C5}.Debug|Any CPU.ActiveCfg = Debug|Any CPU
		{F6092B9B-5B72-43F9-A381-4B9A4D1AF6C5}.Debug|Any CPU.Build.0 = Debug|Any CPU
		{F6092B9B-5B72-43F9-A381-4B9A4D1AF6C5}.Release|Any CPU.ActiveCfg = Release|Any CPU
		{F6092B9B-5B72-43F9-A381-4B9A4D1AF6C5}.Release|Any CPU.Build.0 = Release|Any CPU
		{E6C79384-6551-4DED-A116-E58EE9F64477}.Debug|Any CPU.ActiveCfg = Debug|Any CPU
		{E6C79384-6551-4DED-A116-E58EE9F64477}.Debug|Any CPU.Build.0 = Debug|Any CPU
		{E6C79384-6551-4DED-A116-E58EE9F64477}.Release|Any CPU.ActiveCfg = Release|Any CPU
		{E6C79384-6551-4DED-A116-E58EE9F64477}.Release|Any CPU.Build.0 = Release|Any CPU
	EndGlobalSection
	GlobalSection(SolutionProperties) = preSolution
		HideSolutionNode = FALSE
	EndGlobalSection
	GlobalSection(ExtensibilityGlobals) = postSolution
		SolutionGuid = {892489CE-8FC6-4F78-B201-02BB88BED026}
	EndGlobalSection
EndGlobal
